// !$*UTF8*$!
{
	archiveVersion = 1;
	classes = {
	};
	objectVersion = 46;
	objects = {

/* Begin PBXBuildFile section */
		E8136A6A1EA7E155003D9877 /* NSBundle+Ilion.m in Sources */ = {isa = PBXBuildFile; fileRef = E8136A691EA7E155003D9877 /* NSBundle+Ilion.m */; };
		E8136A831EA8046F003D9877 /* Ilion-Private-Swift.h in Headers */ = {isa = PBXBuildFile; fileRef = E8136A821EA8042E003D9877 /* Ilion-Private-Swift.h */; };
		E84EA94B1EB3BB38001C6856 /* LocKeyPath.swift in Sources */ = {isa = PBXBuildFile; fileRef = E84EA94A1EB3BB38001C6856 /* LocKeyPath.swift */; };
		E85387CA1EA6AC12003184B4 /* Ilion.h in Headers */ = {isa = PBXBuildFile; fileRef = E85387C81EA6AC12003184B4 /* Ilion.h */; settings = {ATTRIBUTES = (Public, ); }; };
		E85387D21EA6AD2E003184B4 /* StringsManager.swift in Sources */ = {isa = PBXBuildFile; fileRef = E85387D11EA6AD2E003184B4 /* StringsManager.swift */; };
		E85387D51EA6AF9B003184B4 /* EditPanel.xib in Resources */ = {isa = PBXBuildFile; fileRef = E85387D31EA6AF9B003184B4 /* EditPanel.xib */; };
		E85387D61EA6AF9B003184B4 /* EditPanelController.swift in Sources */ = {isa = PBXBuildFile; fileRef = E85387D41EA6AF9B003184B4 /* EditPanelController.swift */; };
		E85387D91EA6B080003184B4 /* BrowserWindow.xib in Resources */ = {isa = PBXBuildFile; fileRef = E85387D71EA6B080003184B4 /* BrowserWindow.xib */; };
		E85387DA1EA6B080003184B4 /* BrowserWindowController.swift in Sources */ = {isa = PBXBuildFile; fileRef = E85387D81EA6B080003184B4 /* BrowserWindowController.swift */; };
		E85387DC1EA6B1AF003184B4 /* Ilion.swift in Sources */ = {isa = PBXBuildFile; fileRef = E85387DB1EA6B1AF003184B4 /* Ilion.swift */; };
		E8802A251EAE73B5005DFAF0 /* Dictionary+Fmap.swift in Sources */ = {isa = PBXBuildFile; fileRef = E8802A241EAE73B5005DFAF0 /* Dictionary+Fmap.swift */; };
		E8802A271EAE8472005DFAF0 /* String+RelativePath.swift in Sources */ = {isa = PBXBuildFile; fileRef = E8802A261EAE8472005DFAF0 /* String+RelativePath.swift */; };
/* End PBXBuildFile section */

/* Begin PBXFileReference section */
		E8136A691EA7E155003D9877 /* NSBundle+Ilion.m */ = {isa = PBXFileReference; fileEncoding = 4; lastKnownFileType = sourcecode.c.objc; path = "NSBundle+Ilion.m"; sourceTree = "<group>"; };
		E8136A821EA8042E003D9877 /* Ilion-Private-Swift.h */ = {isa = PBXFileReference; lastKnownFileType = sourcecode.c.h; path = "Ilion-Private-Swift.h"; sourceTree = "<group>"; };
		E84EA94A1EB3BB38001C6856 /* LocKeyPath.swift */ = {isa = PBXFileReference; fileEncoding = 4; lastKnownFileType = sourcecode.swift; path = LocKeyPath.swift; sourceTree = "<group>"; };
		E85387C51EA6AC12003184B4 /* Ilion.framework */ = {isa = PBXFileReference; explicitFileType = wrapper.framework; includeInIndex = 0; path = Ilion.framework; sourceTree = BUILT_PRODUCTS_DIR; };
		E85387C81EA6AC12003184B4 /* Ilion.h */ = {isa = PBXFileReference; lastKnownFileType = sourcecode.c.h; path = Ilion.h; sourceTree = "<group>"; };
		E85387C91EA6AC12003184B4 /* Info.plist */ = {isa = PBXFileReference; lastKnownFileType = text.plist.xml; path = Info.plist; sourceTree = "<group>"; };
		E85387D11EA6AD2E003184B4 /* StringsManager.swift */ = {isa = PBXFileReference; fileEncoding = 4; lastKnownFileType = sourcecode.swift; path = StringsManager.swift; sourceTree = "<group>"; };
		E85387D31EA6AF9B003184B4 /* EditPanel.xib */ = {isa = PBXFileReference; fileEncoding = 4; lastKnownFileType = file.xib; path = EditPanel.xib; sourceTree = "<group>"; };
		E85387D41EA6AF9B003184B4 /* EditPanelController.swift */ = {isa = PBXFileReference; fileEncoding = 4; lastKnownFileType = sourcecode.swift; path = EditPanelController.swift; sourceTree = "<group>"; };
		E85387D71EA6B080003184B4 /* BrowserWindow.xib */ = {isa = PBXFileReference; fileEncoding = 4; lastKnownFileType = file.xib; path = BrowserWindow.xib; sourceTree = "<group>"; };
		E85387D81EA6B080003184B4 /* BrowserWindowController.swift */ = {isa = PBXFileReference; fileEncoding = 4; lastKnownFileType = sourcecode.swift; path = BrowserWindowController.swift; sourceTree = "<group>"; };
		E85387DB1EA6B1AF003184B4 /* Ilion.swift */ = {isa = PBXFileReference; fileEncoding = 4; lastKnownFileType = sourcecode.swift; path = Ilion.swift; sourceTree = "<group>"; };
		E8802A241EAE73B5005DFAF0 /* Dictionary+Fmap.swift */ = {isa = PBXFileReference; fileEncoding = 4; lastKnownFileType = sourcecode.swift; path = "Dictionary+Fmap.swift"; sourceTree = "<group>"; };
		E8802A261EAE8472005DFAF0 /* String+RelativePath.swift */ = {isa = PBXFileReference; fileEncoding = 4; lastKnownFileType = sourcecode.swift; path = "String+RelativePath.swift"; sourceTree = "<group>"; };
/* End PBXFileReference section */

/* Begin PBXFrameworksBuildPhase section */
		E85387C11EA6AC12003184B4 /* Frameworks */ = {
			isa = PBXFrameworksBuildPhase;
			buildActionMask = 2147483647;
			files = (
			);
			runOnlyForDeploymentPostprocessing = 0;
		};
/* End PBXFrameworksBuildPhase section */

/* Begin PBXGroup section */
		E85387BB1EA6AC12003184B4 = {
			isa = PBXGroup;
			children = (
				E85387C71EA6AC12003184B4 /* Ilion */,
				E85387C61EA6AC12003184B4 /* Products */,
			);
			sourceTree = "<group>";
		};
		E85387C61EA6AC12003184B4 /* Products */ = {
			isa = PBXGroup;
			children = (
				E85387C51EA6AC12003184B4 /* Ilion.framework */,
			);
			name = Products;
			sourceTree = "<group>";
		};
		E85387C71EA6AC12003184B4 /* Ilion */ = {
			isa = PBXGroup;
			children = (
				E85387D71EA6B080003184B4 /* BrowserWindow.xib */,
				E85387D81EA6B080003184B4 /* BrowserWindowController.swift */,
				E8802A241EAE73B5005DFAF0 /* Dictionary+Fmap.swift */,
				E85387D31EA6AF9B003184B4 /* EditPanel.xib */,
				E85387D41EA6AF9B003184B4 /* EditPanelController.swift */,
				E8136A821EA8042E003D9877 /* Ilion-Private-Swift.h */,
				E85387C81EA6AC12003184B4 /* Ilion.h */,
				E85387DB1EA6B1AF003184B4 /* Ilion.swift */,
				E85387C91EA6AC12003184B4 /* Info.plist */,
				E84EA94A1EB3BB38001C6856 /* LocKeyPath.swift */,
				E8136A691EA7E155003D9877 /* NSBundle+Ilion.m */,
				E8802A261EAE8472005DFAF0 /* String+RelativePath.swift */,
				E85387D11EA6AD2E003184B4 /* StringsManager.swift */,
			);
			path = Ilion;
			sourceTree = "<group>";
		};
/* End PBXGroup section */

/* Begin PBXHeadersBuildPhase section */
		E85387C21EA6AC12003184B4 /* Headers */ = {
			isa = PBXHeadersBuildPhase;
			buildActionMask = 2147483647;
			files = (
				E8136A831EA8046F003D9877 /* Ilion-Private-Swift.h in Headers */,
				E85387CA1EA6AC12003184B4 /* Ilion.h in Headers */,
			);
			runOnlyForDeploymentPostprocessing = 0;
		};
/* End PBXHeadersBuildPhase section */

/* Begin PBXNativeTarget section */
		E85387C41EA6AC12003184B4 /* Ilion */ = {
			isa = PBXNativeTarget;
			buildConfigurationList = E85387CD1EA6AC12003184B4 /* Build configuration list for PBXNativeTarget "Ilion" */;
			buildPhases = (
				E85387C01EA6AC12003184B4 /* Sources */,
				E85387C11EA6AC12003184B4 /* Frameworks */,
				E85387C21EA6AC12003184B4 /* Headers */,
				E85387C31EA6AC12003184B4 /* Resources */,
			);
			buildRules = (
			);
			dependencies = (
			);
			name = Ilion;
			productName = Ilion;
			productReference = E85387C51EA6AC12003184B4 /* Ilion.framework */;
			productType = "com.apple.product-type.framework";
		};
/* End PBXNativeTarget section */

/* Begin PBXProject section */
		E85387BC1EA6AC12003184B4 /* Project object */ = {
			isa = PBXProject;
			attributes = {
				LastUpgradeCheck = 0830;
				ORGANIZATIONNAME = "Tamas Lustyik";
				TargetAttributes = {
					E85387C41EA6AC12003184B4 = {
						CreatedOnToolsVersion = 8.3;
						LastSwiftMigration = 0830;
						ProvisioningStyle = Automatic;
					};
				};
			};
			buildConfigurationList = E85387BF1EA6AC12003184B4 /* Build configuration list for PBXProject "Ilion" */;
			compatibilityVersion = "Xcode 3.2";
			developmentRegion = English;
			hasScannedForEncodings = 0;
			knownRegions = (
				en,
			);
			mainGroup = E85387BB1EA6AC12003184B4;
			productRefGroup = E85387C61EA6AC12003184B4 /* Products */;
			projectDirPath = "";
			projectRoot = "";
			targets = (
				E85387C41EA6AC12003184B4 /* Ilion */,
			);
		};
/* End PBXProject section */

/* Begin PBXResourcesBuildPhase section */
		E85387C31EA6AC12003184B4 /* Resources */ = {
			isa = PBXResourcesBuildPhase;
			buildActionMask = 2147483647;
			files = (
				E85387D91EA6B080003184B4 /* BrowserWindow.xib in Resources */,
				E85387D51EA6AF9B003184B4 /* EditPanel.xib in Resources */,
			);
			runOnlyForDeploymentPostprocessing = 0;
		};
/* End PBXResourcesBuildPhase section */

/* Begin PBXSourcesBuildPhase section */
		E85387C01EA6AC12003184B4 /* Sources */ = {
			isa = PBXSourcesBuildPhase;
			buildActionMask = 2147483647;
			files = (
				E8136A6A1EA7E155003D9877 /* NSBundle+Ilion.m in Sources */,
				E85387DC1EA6B1AF003184B4 /* Ilion.swift in Sources */,
				E8802A271EAE8472005DFAF0 /* String+RelativePath.swift in Sources */,
				E85387D61EA6AF9B003184B4 /* EditPanelController.swift in Sources */,
				E8802A251EAE73B5005DFAF0 /* Dictionary+Fmap.swift in Sources */,
				E85387DA1EA6B080003184B4 /* BrowserWindowController.swift in Sources */,
				E85387D21EA6AD2E003184B4 /* StringsManager.swift in Sources */,
				E84EA94B1EB3BB38001C6856 /* LocKeyPath.swift in Sources */,
			);
			runOnlyForDeploymentPostprocessing = 0;
		};
/* End PBXSourcesBuildPhase section */

/* Begin XCBuildConfiguration section */
		E85387CB1EA6AC12003184B4 /* Debug */ = {
			isa = XCBuildConfiguration;
			buildSettings = {
				ALWAYS_SEARCH_USER_PATHS = NO;
				CLANG_ANALYZER_NONNULL = YES;
				CLANG_ANALYZER_NUMBER_OBJECT_CONVERSION = YES_AGGRESSIVE;
				CLANG_CXX_LANGUAGE_STANDARD = "gnu++0x";
				CLANG_CXX_LIBRARY = "libc++";
				CLANG_ENABLE_MODULES = YES;
				CLANG_ENABLE_OBJC_ARC = YES;
				CLANG_WARN_BOOL_CONVERSION = YES;
				CLANG_WARN_CONSTANT_CONVERSION = YES;
				CLANG_WARN_DIRECT_OBJC_ISA_USAGE = YES_ERROR;
				CLANG_WARN_DOCUMENTATION_COMMENTS = YES;
				CLANG_WARN_EMPTY_BODY = YES;
				CLANG_WARN_ENUM_CONVERSION = YES;
				CLANG_WARN_INFINITE_RECURSION = YES;
				CLANG_WARN_INT_CONVERSION = YES;
				CLANG_WARN_OBJC_ROOT_CLASS = YES_ERROR;
				CLANG_WARN_SUSPICIOUS_MOVE = YES;
				CLANG_WARN_UNREACHABLE_CODE = YES;
				CLANG_WARN__DUPLICATE_METHOD_MATCH = YES;
				CODE_SIGN_IDENTITY = "-";
				COPY_PHASE_STRIP = NO;
				CURRENT_PROJECT_VERSION = 1;
				DEBUG_INFORMATION_FORMAT = dwarf;
				ENABLE_STRICT_OBJC_MSGSEND = YES;
				ENABLE_TESTABILITY = YES;
				GCC_C_LANGUAGE_STANDARD = gnu99;
				GCC_DYNAMIC_NO_PIC = NO;
				GCC_NO_COMMON_BLOCKS = YES;
				GCC_OPTIMIZATION_LEVEL = 0;
				GCC_PREPROCESSOR_DEFINITIONS = (
					"DEBUG=1",
					"$(inherited)",
				);
				GCC_WARN_64_TO_32_BIT_CONVERSION = YES;
				GCC_WARN_ABOUT_RETURN_TYPE = YES_ERROR;
				GCC_WARN_UNDECLARED_SELECTOR = YES;
				GCC_WARN_UNINITIALIZED_AUTOS = YES_AGGRESSIVE;
				GCC_WARN_UNUSED_FUNCTION = YES;
				GCC_WARN_UNUSED_VARIABLE = YES;
				MACOSX_DEPLOYMENT_TARGET = 10.12;
				MTL_ENABLE_DEBUG_INFO = YES;
				ONLY_ACTIVE_ARCH = YES;
				SDKROOT = macosx;
				SWIFT_ACTIVE_COMPILATION_CONDITIONS = DEBUG;
				SWIFT_OPTIMIZATION_LEVEL = "-Onone";
				VERSIONING_SYSTEM = "apple-generic";
				VERSION_INFO_PREFIX = "";
			};
			name = Debug;
		};
		E85387CC1EA6AC12003184B4 /* Release */ = {
			isa = XCBuildConfiguration;
			buildSettings = {
				ALWAYS_SEARCH_USER_PATHS = NO;
				CLANG_ANALYZER_NONNULL = YES;
				CLANG_ANALYZER_NUMBER_OBJECT_CONVERSION = YES_AGGRESSIVE;
				CLANG_CXX_LANGUAGE_STANDARD = "gnu++0x";
				CLANG_CXX_LIBRARY = "libc++";
				CLANG_ENABLE_MODULES = YES;
				CLANG_ENABLE_OBJC_ARC = YES;
				CLANG_WARN_BOOL_CONVERSION = YES;
				CLANG_WARN_CONSTANT_CONVERSION = YES;
				CLANG_WARN_DIRECT_OBJC_ISA_USAGE = YES_ERROR;
				CLANG_WARN_DOCUMENTATION_COMMENTS = YES;
				CLANG_WARN_EMPTY_BODY = YES;
				CLANG_WARN_ENUM_CONVERSION = YES;
				CLANG_WARN_INFINITE_RECURSION = YES;
				CLANG_WARN_INT_CONVERSION = YES;
				CLANG_WARN_OBJC_ROOT_CLASS = YES_ERROR;
				CLANG_WARN_SUSPICIOUS_MOVE = YES;
				CLANG_WARN_UNREACHABLE_CODE = YES;
				CLANG_WARN__DUPLICATE_METHOD_MATCH = YES;
				CODE_SIGN_IDENTITY = "-";
				COPY_PHASE_STRIP = NO;
				CURRENT_PROJECT_VERSION = 1;
				DEBUG_INFORMATION_FORMAT = "dwarf-with-dsym";
				ENABLE_NS_ASSERTIONS = NO;
				ENABLE_STRICT_OBJC_MSGSEND = YES;
				GCC_C_LANGUAGE_STANDARD = gnu99;
				GCC_NO_COMMON_BLOCKS = YES;
				GCC_WARN_64_TO_32_BIT_CONVERSION = YES;
				GCC_WARN_ABOUT_RETURN_TYPE = YES_ERROR;
				GCC_WARN_UNDECLARED_SELECTOR = YES;
				GCC_WARN_UNINITIALIZED_AUTOS = YES_AGGRESSIVE;
				GCC_WARN_UNUSED_FUNCTION = YES;
				GCC_WARN_UNUSED_VARIABLE = YES;
				MACOSX_DEPLOYMENT_TARGET = 10.12;
				MTL_ENABLE_DEBUG_INFO = NO;
				SDKROOT = macosx;
				SWIFT_OPTIMIZATION_LEVEL = "-Owholemodule";
				VERSIONING_SYSTEM = "apple-generic";
				VERSION_INFO_PREFIX = "";
			};
			name = Release;
		};
		E85387CE1EA6AC12003184B4 /* Debug */ = {
			isa = XCBuildConfiguration;
			buildSettings = {
				CLANG_ENABLE_MODULES = YES;
				CODE_SIGN_IDENTITY = "";
				COMBINE_HIDPI_IMAGES = YES;
				DEFINES_MODULE = YES;
				DYLIB_COMPATIBILITY_VERSION = 1;
				DYLIB_CURRENT_VERSION = 1;
				DYLIB_INSTALL_NAME_BASE = "@rpath";
				FRAMEWORK_VERSION = A;
				INFOPLIST_FILE = Ilion/Info.plist;
				INSTALL_PATH = "$(LOCAL_LIBRARY_DIR)/Frameworks";
				LD_RUNPATH_SEARCH_PATHS = "$(inherited) @executable_path/../Frameworks @loader_path/Frameworks";
				PRODUCT_BUNDLE_IDENTIFIER = me.cocoagrinder.Ilion;
				PRODUCT_NAME = "$(TARGET_NAME)";
				SKIP_INSTALL = YES;
				SWIFT_OPTIMIZATION_LEVEL = "-Onone";
				SWIFT_VERSION = 3.0;
			};
			name = Debug;
		};
		E85387CF1EA6AC12003184B4 /* Release */ = {
			isa = XCBuildConfiguration;
			buildSettings = {
				CLANG_ENABLE_MODULES = YES;
				CODE_SIGN_IDENTITY = "";
				COMBINE_HIDPI_IMAGES = YES;
				DEFINES_MODULE = YES;
				DYLIB_COMPATIBILITY_VERSION = 1;
				DYLIB_CURRENT_VERSION = 1;
				DYLIB_INSTALL_NAME_BASE = "@rpath";
				FRAMEWORK_VERSION = A;
				INFOPLIST_FILE = Ilion/Info.plist;
				INSTALL_PATH = "$(LOCAL_LIBRARY_DIR)/Frameworks";
				LD_RUNPATH_SEARCH_PATHS = "$(inherited) @executable_path/../Frameworks @loader_path/Frameworks";
				PRODUCT_BUNDLE_IDENTIFIER = me.cocoagrinder.Ilion;
				PRODUCT_NAME = "$(TARGET_NAME)";
				SKIP_INSTALL = YES;
				SWIFT_VERSION = 3.0;
			};
			name = Release;
		};
/* End XCBuildConfiguration section */

/* Begin XCConfigurationList section */
		E85387BF1EA6AC12003184B4 /* Build configuration list for PBXProject "Ilion" */ = {
			isa = XCConfigurationList;
			buildConfigurations = (
				E85387CB1EA6AC12003184B4 /* Debug */,
				E85387CC1EA6AC12003184B4 /* Release */,
			);
			defaultConfigurationIsVisible = 0;
			defaultConfigurationName = Release;
		};
		E85387CD1EA6AC12003184B4 /* Build configuration list for PBXNativeTarget "Ilion" */ = {
			isa = XCConfigurationList;
			buildConfigurations = (
				E85387CE1EA6AC12003184B4 /* Debug */,
				E85387CF1EA6AC12003184B4 /* Release */,
			);
			defaultConfigurationIsVisible = 0;
			defaultConfigurationName = Release;
		};
/* End XCConfigurationList section */
	};
	rootObject = E85387BC1EA6AC12003184B4 /* Project object */;
}
